// !$*UTF8*$!
{
	archiveVersion = 1;
	classes = {
	};
	objectVersion = 50;
	objects = {

/* Begin PBXBuildFile section */
		B04FE86C258E5D4300B3C802 /* SQLdbApp.swift in Sources */ = {isa = PBXBuildFile; fileRef = B04FE86B258E5D4300B3C802 /* SQLdbApp.swift */; };
		B04FE86E258E5D4300B3C802 /* ContentView.swift in Sources */ = {isa = PBXBuildFile; fileRef = B04FE86D258E5D4300B3C802 /* ContentView.swift */; };
		B04FE870258E5D4400B3C802 /* Assets.xcassets in Resources */ = {isa = PBXBuildFile; fileRef = B04FE86F258E5D4400B3C802 /* Assets.xcassets */; };
		B04FE873258E5D4400B3C802 /* Preview Assets.xcassets in Resources */ = {isa = PBXBuildFile; fileRef = B04FE872258E5D4400B3C802 /* Preview Assets.xcassets */; };
		B04FE87E258E5D4500B3C802 /* SQLdbTests.swift in Sources */ = {isa = PBXBuildFile; fileRef = B04FE87D258E5D4500B3C802 /* SQLdbTests.swift */; };
		B04FE889258E5D4500B3C802 /* SQLdbUITests.swift in Sources */ = {isa = PBXBuildFile; fileRef = B04FE888258E5D4500B3C802 /* SQLdbUITests.swift */; };
/* End PBXBuildFile section */

/* Begin PBXContainerItemProxy section */
		B04FE87A258E5D4500B3C802 /* PBXContainerItemProxy */ = {
			isa = PBXContainerItemProxy;
			containerPortal = B04FE860258E5D4300B3C802 /* Project object */;
			proxyType = 1;
			remoteGlobalIDString = B04FE867258E5D4300B3C802;
			remoteInfo = SQLdb;
		};
		B04FE885258E5D4500B3C802 /* PBXContainerItemProxy */ = {
			isa = PBXContainerItemProxy;
			containerPortal = B04FE860258E5D4300B3C802 /* Project object */;
			proxyType = 1;
			remoteGlobalIDString = B04FE867258E5D4300B3C802;
			remoteInfo = SQLdb;
		};
/* End PBXContainerItemProxy section */

/* Begin PBXFileReference section */
		B04FE868258E5D4300B3C802 /* SQLdb.app */ = {isa = PBXFileReference; explicitFileType = wrapper.application; includeInIndex = 0; path = SQLdb.app; sourceTree = BUILT_PRODUCTS_DIR; };
		B04FE86B258E5D4300B3C802 /* SQLdbApp.swift */ = {isa = PBXFileReference; lastKnownFileType = sourcecode.swift; path = SQLdbApp.swift; sourceTree = "<group>"; };
		B04FE86D258E5D4300B3C802 /* ContentView.swift */ = {isa = PBXFileReference; lastKnownFileType = sourcecode.swift; path = ContentView.swift; sourceTree = "<group>"; };
		B04FE86F258E5D4400B3C802 /* Assets.xcassets */ = {isa = PBXFileReference; lastKnownFileType = folder.assetcatalog; path = Assets.xcassets; sourceTree = "<group>"; };
		B04FE872258E5D4400B3C802 /* Preview Assets.xcassets */ = {isa = PBXFileReference; lastKnownFileType = folder.assetcatalog; path = "Preview Assets.xcassets"; sourceTree = "<group>"; };
		B04FE874258E5D4400B3C802 /* Info.plist */ = {isa = PBXFileReference; lastKnownFileType = text.plist.xml; path = Info.plist; sourceTree = "<group>"; };
		B04FE879258E5D4500B3C802 /* SQLdbTests.xctest */ = {isa = PBXFileReference; explicitFileType = wrapper.cfbundle; includeInIndex = 0; path = SQLdbTests.xctest; sourceTree = BUILT_PRODUCTS_DIR; };
		B04FE87D258E5D4500B3C802 /* SQLdbTests.swift */ = {isa = PBXFileReference; lastKnownFileType = sourcecode.swift; path = SQLdbTests.swift; sourceTree = "<group>"; };
		B04FE87F258E5D4500B3C802 /* Info.plist */ = {isa = PBXFileReference; lastKnownFileType = text.plist.xml; path = Info.plist; sourceTree = "<group>"; };
		B04FE884258E5D4500B3C802 /* SQLdbUITests.xctest */ = {isa = PBXFileReference; explicitFileType = wrapper.cfbundle; includeInIndex = 0; path = SQLdbUITests.xctest; sourceTree = BUILT_PRODUCTS_DIR; };
		B04FE888258E5D4500B3C802 /* SQLdbUITests.swift */ = {isa = PBXFileReference; lastKnownFileType = sourcecode.swift; path = SQLdbUITests.swift; sourceTree = "<group>"; };
		B04FE88A258E5D4500B3C802 /* Info.plist */ = {isa = PBXFileReference; lastKnownFileType = text.plist.xml; path = Info.plist; sourceTree = "<group>"; };
/* End PBXFileReference section */

/* Begin PBXFrameworksBuildPhase section */
		B04FE865258E5D4300B3C802 /* Frameworks */ = {
			isa = PBXFrameworksBuildPhase;
			buildActionMask = 2147483647;
			files = (
			);
			runOnlyForDeploymentPostprocessing = 0;
		};
		B04FE876258E5D4500B3C802 /* Frameworks */ = {
			isa = PBXFrameworksBuildPhase;
			buildActionMask = 2147483647;
			files = (
			);
			runOnlyForDeploymentPostprocessing = 0;
		};
		B04FE881258E5D4500B3C802 /* Frameworks */ = {
			isa = PBXFrameworksBuildPhase;
			buildActionMask = 2147483647;
			files = (
			);
			runOnlyForDeploymentPostprocessing = 0;
		};
/* End PBXFrameworksBuildPhase section */

/* Begin PBXGroup section */
		B04FE85F258E5D4300B3C802 = {
			isa = PBXGroup;
			children = (
				B04FE86A258E5D4300B3C802 /* SQLdb */,
				B04FE87C258E5D4500B3C802 /* SQLdbTests */,
				B04FE887258E5D4500B3C802 /* SQLdbUITests */,
				B04FE869258E5D4300B3C802 /* Products */,
			);
			sourceTree = "<group>";
		};
		B04FE869258E5D4300B3C802 /* Products */ = {
			isa = PBXGroup;
			children = (
				B04FE868258E5D4300B3C802 /* SQLdb.app */,
				B04FE879258E5D4500B3C802 /* SQLdbTests.xctest */,
				B04FE884258E5D4500B3C802 /* SQLdbUITests.xctest */,
			);
			name = Products;
			sourceTree = "<group>";
		};
		B04FE86A258E5D4300B3C802 /* SQLdb */ = {
			isa = PBXGroup;
			children = (
				B04FE86B258E5D4300B3C802 /* SQLdbApp.swift */,
				B04FE86D258E5D4300B3C802 /* ContentView.swift */,
				B04FE86F258E5D4400B3C802 /* Assets.xcassets */,
				B04FE874258E5D4400B3C802 /* Info.plist */,
				B04FE871258E5D4400B3C802 /* Preview Content */,
			);
			path = SQLdb;
			sourceTree = "<group>";
		};
		B04FE871258E5D4400B3C802 /* Preview Content */ = {
			isa = PBXGroup;
			children = (
				B04FE872258E5D4400B3C802 /* Preview Assets.xcassets */,
			);
			path = "Preview Content";
			sourceTree = "<group>";
		};
		B04FE87C258E5D4500B3C802 /* SQLdbTests */ = {
			isa = PBXGroup;
			children = (
				B04FE87D258E5D4500B3C802 /* SQLdbTests.swift */,
				B04FE87F258E5D4500B3C802 /* Info.plist */,
			);
			path = SQLdbTests;
			sourceTree = "<group>";
		};
		B04FE887258E5D4500B3C802 /* SQLdbUITests */ = {
			isa = PBXGroup;
			children = (
				B04FE888258E5D4500B3C802 /* SQLdbUITests.swift */,
				B04FE88A258E5D4500B3C802 /* Info.plist */,
			);
			path = SQLdbUITests;
			sourceTree = "<group>";
		};
/* End PBXGroup section */

/* Begin PBXNativeTarget section */
		B04FE867258E5D4300B3C802 /* SQLdb */ = {
			isa = PBXNativeTarget;
			buildConfigurationList = B04FE88D258E5D4500B3C802 /* Build configuration list for PBXNativeTarget "SQLdb" */;
			buildPhases = (
				B04FE864258E5D4300B3C802 /* Sources */,
				B04FE865258E5D4300B3C802 /* Frameworks */,
				B04FE866258E5D4300B3C802 /* Resources */,
			);
			buildRules = (
			);
			dependencies = (
			);
			name = SQLdb;
			productName = SQLdb;
			productReference = B04FE868258E5D4300B3C802 /* SQLdb.app */;
			productType = "com.apple.product-type.application";
		};
		B04FE878258E5D4500B3C802 /* SQLdbTests */ = {
			isa = PBXNativeTarget;
			buildConfigurationList = B04FE890258E5D4500B3C802 /* Build configuration list for PBXNativeTarget "SQLdbTests" */;
			buildPhases = (
				B04FE875258E5D4500B3C802 /* Sources */,
				B04FE876258E5D4500B3C802 /* Frameworks */,
				B04FE877258E5D4500B3C802 /* Resources */,
			);
			buildRules = (
			);
			dependencies = (
				B04FE87B258E5D4500B3C802 /* PBXTargetDependency */,
			);
			name = SQLdbTests;
			productName = SQLdbTests;
			productReference = B04FE879258E5D4500B3C802 /* SQLdbTests.xctest */;
			productType = "com.apple.product-type.bundle.unit-test";
		};
		B04FE883258E5D4500B3C802 /* SQLdbUITests */ = {
			isa = PBXNativeTarget;
			buildConfigurationList = B04FE893258E5D4500B3C802 /* Build configuration list for PBXNativeTarget "SQLdbUITests" */;
			buildPhases = (
				B04FE880258E5D4500B3C802 /* Sources */,
				B04FE881258E5D4500B3C802 /* Frameworks */,
				B04FE882258E5D4500B3C802 /* Resources */,
			);
			buildRules = (
			);
			dependencies = (
				B04FE886258E5D4500B3C802 /* PBXTargetDependency */,
			);
			name = SQLdbUITests;
			productName = SQLdbUITests;
			productReference = B04FE884258E5D4500B3C802 /* SQLdbUITests.xctest */;
			productType = "com.apple.product-type.bundle.ui-testing";
		};
/* End PBXNativeTarget section */

/* Begin PBXProject section */
		B04FE860258E5D4300B3C802 /* Project object */ = {
			isa = PBXProject;
			attributes = {
				LastSwiftUpdateCheck = 1230;
				LastUpgradeCheck = 1230;
				TargetAttributes = {
					B04FE867258E5D4300B3C802 = {
						CreatedOnToolsVersion = 12.3;
					};
					B04FE878258E5D4500B3C802 = {
						CreatedOnToolsVersion = 12.3;
						TestTargetID = B04FE867258E5D4300B3C802;
					};
					B04FE883258E5D4500B3C802 = {
						CreatedOnToolsVersion = 12.3;
						TestTargetID = B04FE867258E5D4300B3C802;
					};
				};
			};
			buildConfigurationList = B04FE863258E5D4300B3C802 /* Build configuration list for PBXProject "SQLdb" */;
			compatibilityVersion = "Xcode 9.3";
			developmentRegion = en;
			hasScannedForEncodings = 0;
			knownRegions = (
				en,
				Base,
			);
			mainGroup = B04FE85F258E5D4300B3C802;
			productRefGroup = B04FE869258E5D4300B3C802 /* Products */;
			projectDirPath = "";
			projectRoot = "";
			targets = (
				B04FE867258E5D4300B3C802 /* SQLdb */,
				B04FE878258E5D4500B3C802 /* SQLdbTests */,
				B04FE883258E5D4500B3C802 /* SQLdbUITests */,
			);
		};
/* End PBXProject section */

/* Begin PBXResourcesBuildPhase section */
		B04FE866258E5D4300B3C802 /* Resources */ = {
			isa = PBXResourcesBuildPhase;
			buildActionMask = 2147483647;
			files = (
				B04FE873258E5D4400B3C802 /* Preview Assets.xcassets in Resources */,
				B04FE870258E5D4400B3C802 /* Assets.xcassets in Resources */,
			);
			runOnlyForDeploymentPostprocessing = 0;
		};
		B04FE877258E5D4500B3C802 /* Resources */ = {
			isa = PBXResourcesBuildPhase;
			buildActionMask = 2147483647;
			files = (
			);
			runOnlyForDeploymentPostprocessing = 0;
		};
		B04FE882258E5D4500B3C802 /* Resources */ = {
			isa = PBXResourcesBuildPhase;
			buildActionMask = 2147483647;
			files = (
			);
			runOnlyForDeploymentPostprocessing = 0;
		};
/* End PBXResourcesBuildPhase section */

/* Begin PBXSourcesBuildPhase section */
		B04FE864258E5D4300B3C802 /* Sources */ = {
			isa = PBXSourcesBuildPhase;
			buildActionMask = 2147483647;
			files = (
				B04FE86E258E5D4300B3C802 /* ContentView.swift in Sources */,
				B04FE86C258E5D4300B3C802 /* SQLdbApp.swift in Sources */,
			);
			runOnlyForDeploymentPostprocessing = 0;
		};
		B04FE875258E5D4500B3C802 /* Sources */ = {
			isa = PBXSourcesBuildPhase;
			buildActionMask = 2147483647;
			files = (
				B04FE87E258E5D4500B3C802 /* SQLdbTests.swift in Sources */,
			);
			runOnlyForDeploymentPostprocessing = 0;
		};
		B04FE880258E5D4500B3C802 /* Sources */ = {
			isa = PBXSourcesBuildPhase;
			buildActionMask = 2147483647;
			files = (
				B04FE889258E5D4500B3C802 /* SQLdbUITests.swift in Sources */,
			);
			runOnlyForDeploymentPostprocessing = 0;
		};
/* End PBXSourcesBuildPhase section */

/* Begin PBXTargetDependency section */
		B04FE87B258E5D4500B3C802 /* PBXTargetDependency */ = {
			isa = PBXTargetDependency;
			target = B04FE867258E5D4300B3C802 /* SQLdb */;
			targetProxy = B04FE87A258E5D4500B3C802 /* PBXContainerItemProxy */;
		};
		B04FE886258E5D4500B3C802 /* PBXTargetDependency */ = {
			isa = PBXTargetDependency;
			target = B04FE867258E5D4300B3C802 /* SQLdb */;
			targetProxy = B04FE885258E5D4500B3C802 /* PBXContainerItemProxy */;
		};
/* End PBXTargetDependency section */

/* Begin XCBuildConfiguration section */
		B04FE88B258E5D4500B3C802 /* Debug */ = {
			isa = XCBuildConfiguration;
			buildSettings = {
				ALWAYS_SEARCH_USER_PATHS = NO;
				CLANG_ANALYZER_NONNULL = YES;
				CLANG_ANALYZER_NUMBER_OBJECT_CONVERSION = YES_AGGRESSIVE;
				CLANG_CXX_LANGUAGE_STANDARD = "gnu++14";
				CLANG_CXX_LIBRARY = "libc++";
				CLANG_ENABLE_MODULES = YES;
				CLANG_ENABLE_OBJC_ARC = YES;
				CLANG_ENABLE_OBJC_WEAK = YES;
				CLANG_WARN_BLOCK_CAPTURE_AUTORELEASING = YES;
				CLANG_WARN_BOOL_CONVERSION = YES;
				CLANG_WARN_COMMA = YES;
				CLANG_WARN_CONSTANT_CONVERSION = YES;
				CLANG_WARN_DEPRECATED_OBJC_IMPLEMENTATIONS = YES;
				CLANG_WARN_DIRECT_OBJC_ISA_USAGE = YES_ERROR;
				CLANG_WARN_DOCUMENTATION_COMMENTS = YES;
				CLANG_WARN_EMPTY_BODY = YES;
				CLANG_WARN_ENUM_CONVERSION = YES;
				CLANG_WARN_INFINITE_RECURSION = YES;
				CLANG_WARN_INT_CONVERSION = YES;
				CLANG_WARN_NON_LITERAL_NULL_CONVERSION = YES;
				CLANG_WARN_OBJC_IMPLICIT_RETAIN_SELF = YES;
				CLANG_WARN_OBJC_LITERAL_CONVERSION = YES;
				CLANG_WARN_OBJC_ROOT_CLASS = YES_ERROR;
				CLANG_WARN_QUOTED_INCLUDE_IN_FRAMEWORK_HEADER = YES;
				CLANG_WARN_RANGE_LOOP_ANALYSIS = YES;
				CLANG_WARN_STRICT_PROTOTYPES = YES;
				CLANG_WARN_SUSPICIOUS_MOVE = YES;
				CLANG_WARN_UNGUARDED_AVAILABILITY = YES_AGGRESSIVE;
				CLANG_WARN_UNREACHABLE_CODE = YES;
				CLANG_WARN__DUPLICATE_METHOD_MATCH = YES;
				COPY_PHASE_STRIP = NO;
				DEBUG_INFORMATION_FORMAT = dwarf;
				ENABLE_STRICT_OBJC_MSGSEND = YES;
				ENABLE_TESTABILITY = YES;
				GCC_C_LANGUAGE_STANDARD = gnu11;
				GCC_DYNAMIC_NO_PIC = NO;
				GCC_NO_COMMON_BLOCKS = YES;
				GCC_OPTIMIZATION_LEVEL = 0;
				GCC_PREPROCESSOR_DEFINITIONS = (
					"DEBUG=1",
					"$(inherited)",
				);
				GCC_WARN_64_TO_32_BIT_CONVERSION = YES;
				GCC_WARN_ABOUT_RETURN_TYPE = YES_ERROR;
				GCC_WARN_UNDECLARED_SELECTOR = YES;
				GCC_WARN_UNINITIALIZED_AUTOS = YES_AGGRESSIVE;
				GCC_WARN_UNUSED_FUNCTION = YES;
				GCC_WARN_UNUSED_VARIABLE = YES;
				IPHONEOS_DEPLOYMENT_TARGET = 14.3;
				MTL_ENABLE_DEBUG_INFO = INCLUDE_SOURCE;
				MTL_FAST_MATH = YES;
				ONLY_ACTIVE_ARCH = YES;
				SDKROOT = iphoneos;
				SWIFT_ACTIVE_COMPILATION_CONDITIONS = DEBUG;
				SWIFT_OPTIMIZATION_LEVEL = "-Onone";
			};
			name = Debug;
		};
		B04FE88C258E5D4500B3C802 /* Release */ = {
			isa = XCBuildConfiguration;
			buildSettings = {
				ALWAYS_SEARCH_USER_PATHS = NO;
				CLANG_ANALYZER_NONNULL = YES;
				CLANG_ANALYZER_NUMBER_OBJECT_CONVERSION = YES_AGGRESSIVE;
				CLANG_CXX_LANGUAGE_STANDARD = "gnu++14";
				CLANG_CXX_LIBRARY = "libc++";
				CLANG_ENABLE_MODULES = YES;
				CLANG_ENABLE_OBJC_ARC = YES;
				CLANG_ENABLE_OBJC_WEAK = YES;
				CLANG_WARN_BLOCK_CAPTURE_AUTORELEASING = YES;
				CLANG_WARN_BOOL_CONVERSION = YES;
				CLANG_WARN_COMMA = YES;
				CLANG_WARN_CONSTANT_CONVERSION = YES;
				CLANG_WARN_DEPRECATED_OBJC_IMPLEMENTATIONS = YES;
				CLANG_WARN_DIRECT_OBJC_ISA_USAGE = YES_ERROR;
				CLANG_WARN_DOCUMENTATION_COMMENTS = YES;
				CLANG_WARN_EMPTY_BODY = YES;
				CLANG_WARN_ENUM_CONVERSION = YES;
				CLANG_WARN_INFINITE_RECURSION = YES;
				CLANG_WARN_INT_CONVERSION = YES;
				CLANG_WARN_NON_LITERAL_NULL_CONVERSION = YES;
				CLANG_WARN_OBJC_IMPLICIT_RETAIN_SELF = YES;
				CLANG_WARN_OBJC_LITERAL_CONVERSION = YES;
				CLANG_WARN_OBJC_ROOT_CLASS = YES_ERROR;
				CLANG_WARN_QUOTED_INCLUDE_IN_FRAMEWORK_HEADER = YES;
				CLANG_WARN_RANGE_LOOP_ANALYSIS = YES;
				CLANG_WARN_STRICT_PROTOTYPES = YES;
				CLANG_WARN_SUSPICIOUS_MOVE = YES;
				CLANG_WARN_UNGUARDED_AVAILABILITY = YES_AGGRESSIVE;
				CLANG_WARN_UNREACHABLE_CODE = YES;
				CLANG_WARN__DUPLICATE_METHOD_MATCH = YES;
				COPY_PHASE_STRIP = NO;
				DEBUG_INFORMATION_FORMAT = "dwarf-with-dsym";
				ENABLE_NS_ASSERTIONS = NO;
				ENABLE_STRICT_OBJC_MSGSEND = YES;
				GCC_C_LANGUAGE_STANDARD = gnu11;
				GCC_NO_COMMON_BLOCKS = YES;
				GCC_WARN_64_TO_32_BIT_CONVERSION = YES;
				GCC_WARN_ABOUT_RETURN_TYPE = YES_ERROR;
				GCC_WARN_UNDECLARED_SELECTOR = YES;
				GCC_WARN_UNINITIALIZED_AUTOS = YES_AGGRESSIVE;
				GCC_WARN_UNUSED_FUNCTION = YES;
				GCC_WARN_UNUSED_VARIABLE = YES;
				IPHONEOS_DEPLOYMENT_TARGET = 14.3;
				MTL_ENABLE_DEBUG_INFO = NO;
				MTL_FAST_MATH = YES;
				SDKROOT = iphoneos;
				SWIFT_COMPILATION_MODE = wholemodule;
				SWIFT_OPTIMIZATION_LEVEL = "-O";
				VALIDATE_PRODUCT = YES;
			};
			name = Release;
		};
		B04FE88E258E5D4500B3C802 /* Debug */ = {
			isa = XCBuildConfiguration;
			buildSettings = {
				ASSETCATALOG_COMPILER_APPICON_NAME = AppIcon;
				ASSETCATALOG_COMPILER_GLOBAL_ACCENT_COLOR_NAME = AccentColor;
				CODE_SIGN_STYLE = Automatic;
				DEVELOPMENT_ASSET_PATHS = "\"SQLdb/Preview Content\"";
				DEVELOPMENT_TEAM = UWJCYGVG9Z;
				ENABLE_PREVIEWS = YES;
				INFOPLIST_FILE = SQLdb/Info.plist;
				IPHONEOS_DEPLOYMENT_TARGET = 14.0;
				LD_RUNPATH_SEARCH_PATHS = (
					"$(inherited)",
					"@executable_path/Frameworks",
				);
				PRODUCT_BUNDLE_IDENTIFIER = com.cwxstat.SQLdb;
				PRODUCT_NAME = "$(TARGET_NAME)";
				SWIFT_VERSION = 5.0;
				TARGETED_DEVICE_FAMILY = "1,2";
			};
			name = Debug;
		};
		B04FE88F258E5D4500B3C802 /* Release */ = {
			isa = XCBuildConfiguration;
			buildSettings = {
				ASSETCATALOG_COMPILER_APPICON_NAME = AppIcon;
				ASSETCATALOG_COMPILER_GLOBAL_ACCENT_COLOR_NAME = AccentColor;
				CODE_SIGN_STYLE = Automatic;
				DEVELOPMENT_ASSET_PATHS = "\"SQLdb/Preview Content\"";
				DEVELOPMENT_TEAM = UWJCYGVG9Z;
				ENABLE_PREVIEWS = YES;
				INFOPLIST_FILE = SQLdb/Info.plist;
				IPHONEOS_DEPLOYMENT_TARGET = 14.0;
				LD_RUNPATH_SEARCH_PATHS = (
					"$(inherited)",
					"@executable_path/Frameworks",
				);
				PRODUCT_BUNDLE_IDENTIFIER = com.cwxstat.SQLdb;
				PRODUCT_NAME = "$(TARGET_NAME)";
				SWIFT_VERSION = 5.0;
				TARGETED_DEVICE_FAMILY = "1,2";
			};
			name = Release;
		};
		B04FE891258E5D4500B3C802 /* Debug */ = {
			isa = XCBuildConfiguration;
			buildSettings = {
				ALWAYS_EMBED_SWIFT_STANDARD_LIBRARIES = YES;
				BUNDLE_LOADER = "$(TEST_HOST)";
				CODE_SIGN_STYLE = Automatic;
				DEVELOPMENT_TEAM = UWJCYGVG9Z;
				INFOPLIST_FILE = SQLdbTests/Info.plist;
				IPHONEOS_DEPLOYMENT_TARGET = 14.0;
				LD_RUNPATH_SEARCH_PATHS = (
					"$(inherited)",
					"@executable_path/Frameworks",
					"@loader_path/Frameworks",
				);
				PRODUCT_BUNDLE_IDENTIFIER = com.cwxstat.SQLdbTests;
				PRODUCT_NAME = "$(TARGET_NAME)";
				SWIFT_VERSION = 5.0;
				TARGETED_DEVICE_FAMILY = "1,2";
				TEST_HOST = "$(BUILT_PRODUCTS_DIR)/SQLdb.app/SQLdb";
			};
			name = Debug;
		};
		B04FE892258E5D4500B3C802 /* Release */ = {
			isa = XCBuildConfiguration;
			buildSettings = {
				ALWAYS_EMBED_SWIFT_STANDARD_LIBRARIES = YES;
				BUNDLE_LOADER = "$(TEST_HOST)";
				CODE_SIGN_STYLE = Automatic;
				DEVELOPMENT_TEAM = UWJCYGVG9Z;
				INFOPLIST_FILE = SQLdbTests/Info.plist;
				IPHONEOS_DEPLOYMENT_TARGET = 14.0;
				LD_RUNPATH_SEARCH_PATHS = (
					"$(inherited)",
					"@executable_path/Frameworks",
					"@loader_path/Frameworks",
				);
				PRODUCT_BUNDLE_IDENTIFIER = com.cwxstat.SQLdbTests;
				PRODUCT_NAME = "$(TARGET_NAME)";
				SWIFT_VERSION = 5.0;
				TARGETED_DEVICE_FAMILY = "1,2";
				TEST_HOST = "$(BUILT_PRODUCTS_DIR)/SQLdb.app/SQLdb";
			};
			name = Release;
		};
		B04FE894258E5D4500B3C802 /* Debug */ = {
			isa = XCBuildConfiguration;
			buildSettings = {
				ALWAYS_EMBED_SWIFT_STANDARD_LIBRARIES = YES;
				CODE_SIGN_STYLE = Automatic;
				DEVELOPMENT_TEAM = UWJCYGVG9Z;
				INFOPLIST_FILE = SQLdbUITests/Info.plist;
				LD_RUNPATH_SEARCH_PATHS = (
					"$(inherited)",
					"@executable_path/Frameworks",
					"@loader_path/Frameworks",
				);
				PRODUCT_BUNDLE_IDENTIFIER = com.cwxstat.SQLdbUITests;
				PRODUCT_NAME = "$(TARGET_NAME)";
				SWIFT_VERSION = 5.0;
				TARGETED_DEVICE_FAMILY = "1,2";
				TEST_TARGET_NAME = SQLdb;
			};
			name = Debug;
		};
		B04FE895258E5D4500B3C802 /* Release */ = {
			isa = XCBuildConfiguration;
			buildSettings = {
				ALWAYS_EMBED_SWIFT_STANDARD_LIBRARIES = YES;
				CODE_SIGN_STYLE = Automatic;
				DEVELOPMENT_TEAM = UWJCYGVG9Z;
				INFOPLIST_FILE = SQLdbUITests/Info.plist;
				LD_RUNPATH_SEARCH_PATHS = (
					"$(inherited)",
					"@executable_path/Frameworks",
					"@loader_path/Frameworks",
				);
				PRODUCT_BUNDLE_IDENTIFIER = com.cwxstat.SQLdbUITests;
				PRODUCT_NAME = "$(TARGET_NAME)";
				SWIFT_VERSION = 5.0;
				TARGETED_DEVICE_FAMILY = "1,2";
				TEST_TARGET_NAME = SQLdb;
			};
			name = Release;
		};
/* End XCBuildConfiguration section */

/* Begin XCConfigurationList section */
		B04FE863258E5D4300B3C802 /* Build configuration list for PBXProject "SQLdb" */ = {
			isa = XCConfigurationList;
			buildConfigurations = (
				B04FE88B258E5D4500B3C802 /* Debug */,
				B04FE88C258E5D4500B3C802 /* Release */,
			);
			defaultConfigurationIsVisible = 0;
			defaultConfigurationName = Release;
		};
		B04FE88D258E5D4500B3C802 /* Build configuration list for PBXNativeTarget "SQLdb" */ = {
			isa = XCConfigurationList;
			buildConfigurations = (
				B04FE88E258E5D4500B3C802 /* Debug */,
				B04FE88F258E5D4500B3C802 /* Release */,
			);
			defaultConfigurationIsVisible = 0;
			defaultConfigurationName = Release;
		};
		B04FE890258E5D4500B3C802 /* Build configuration list for PBXNativeTarget "SQLdbTests" */ = {
			isa = XCConfigurationList;
			buildConfigurations = (
				B04FE891258E5D4500B3C802 /* Debug */,
				B04FE892258E5D4500B3C802 /* Release */,
			);
			defaultConfigurationIsVisible = 0;
			defaultConfigurationName = Release;
		};
		B04FE893258E5D4500B3C802 /* Build configuration list for PBXNativeTarget "SQLdbUITests" */ = {
			isa = XCConfigurationList;
			buildConfigurations = (
				B04FE894258E5D4500B3C802 /* Debug */,
				B04FE895258E5D4500B3C802 /* Release */,
			);
			defaultConfigurationIsVisible = 0;
			defaultConfigurationName = Release;
		};
/* End XCConfigurationList section */
	};
	rootObject = B04FE860258E5D4300B3C802 /* Project object */;
}
